# This file is automatically @generated by Cargo.
# It is not intended for manual editing.
version = 4

[[package]]
name = "looper"
version = "0.1.0"

[[package]]
name = "looper-agent"
version = "0.1.0"

[[package]]
name = "looper-discovery"
version = "0.1.0"

[[package]]
name = "looper-peas"
version = "0.1.0"

[[package]]
name = "looper-settings"
version = "0.1.0"
